
Microsoft Visual Studio Solution File, Format Version 12.00
# Visual Studio Version 17
VisualStudioVersion = 17.11.35219.272
MinimumVisualStudioVersion = 10.0.40219.1
Project("{FAE04EC0-301F-11D3-BF4B-00C04F79EFBC}") = "WebApiMongoDb", "WebApiMongoDb\WebApiMongoDb.csproj", "{22C01DFF-C80F-484C-A129-0516B425A684}"
EndProject
Global
	GlobalSection(SolutionConfigurationPlatforms) = preSolution
		Debug|Any CPU = Debug|Any CPU
		Release|Any CPU = Release|Any CPU
	EndGlobalSection
	GlobalSection(ProjectConfigurationPlatforms) = postSolution
		{22C01DFF-C80F-484C-A129-0516B425A684}.Debug|Any CPU.ActiveCfg = Debug|Any CPU
		{22C01DFF-C80F-484C-A129-0516B425A684}.Debug|Any CPU.Build.0 = Debug|Any CPU
		{22C01DFF-C80F-484C-A129-0516B425A684}.Release|Any CPU.ActiveCfg = Release|Any CPU
		{22C01DFF-C80F-484C-A129-0516B425A684}.Release|Any CPU.Build.0 = Release|Any CPU
	EndGlobalSection
	GlobalSection(SolutionProperties) = preSolution
		HideSolutionNode = FALSE
	EndGlobalSection
	GlobalSection(ExtensibilityGlobals) = postSolution
		SolutionGuid = {7C1F8054-A9B5-409A-8FC4-568607E35298}
	EndGlobalSection
EndGlobal
